
Microsoft Visual Studio Solution File, Format Version 11.00
# Visual Studio 2010
Project("{FAE04EC0-301F-11D3-BF4B-00C04F79EFBC}") = "Assembly-CSharp", "Assembly-CSharp.csproj", "{3C3C449E-7D4B-B739-80B7-6383AA1C67B6}"
EndProject
Project("{FAE04EC0-301F-11D3-BF4B-00C04F79EFBC}") = "Assembly-CSharp-Editor", "Assembly-CSharp-Editor.csproj", "{681B1371-3218-90F6-A1DB-5D1B2C295272}"
EndProject
Global
	GlobalSection(SolutionConfigurationPlatforms) = preSolution
		Debug|Any CPU = Debug|Any CPU
		Release|Any CPU = Release|Any CPU
	EndGlobalSection
	GlobalSection(ProjectConfigurationPlatforms) = postSolution
		{3C3C449E-7D4B-B739-80B7-6383AA1C67B6}.Debug|Any CPU.ActiveCfg = Debug|Any CPU
		{3C3C449E-7D4B-B739-80B7-6383AA1C67B6}.Debug|Any CPU.Build.0 = Debug|Any CPU
		{3C3C449E-7D4B-B739-80B7-6383AA1C67B6}.Release|Any CPU.ActiveCfg = Release|Any CPU
		{3C3C449E-7D4B-B739-80B7-6383AA1C67B6}.Release|Any CPU.Build.0 = Release|Any CPU
		{681B1371-3218-90F6-A1DB-5D1B2C295272}.Debug|Any CPU.ActiveCfg = Debug|Any CPU
		{681B1371-3218-90F6-A1DB-5D1B2C295272}.Debug|Any CPU.Build.0 = Debug|Any CPU
		{681B1371-3218-90F6-A1DB-5D1B2C295272}.Release|Any CPU.ActiveCfg = Release|Any CPU
		{681B1371-3218-90F6-A1DB-5D1B2C295272}.Release|Any CPU.Build.0 = Release|Any CPU
	EndGlobalSection
	GlobalSection(SolutionProperties) = preSolution
		HideSolutionNode = FALSE
	EndGlobalSection
EndGlobal
